
Microsoft Visual Studio Solution File, Format Version 12.00
# Visual Studio 15
VisualStudioVersion = 15.0.27703.2047
MinimumVisualStudioVersion = 10.0.40219.1
Project("{FAE04EC0-301F-11D3-BF4B-00C04F79EFBC}") = "Drupal7Auth.Android", "Drupal7Auth\Drupal7Auth.Android\Drupal7Auth.Android.csproj", "{F1301163-F3EE-4BD3-AE6E-F5C48F42D0BC}"
EndProject
Project("{FAE04EC0-301F-11D3-BF4B-00C04F79EFBC}") = "Drupal7Auth.iOS", "Drupal7Auth\Drupal7Auth.iOS\Drupal7Auth.iOS.csproj", "{4D361459-D2F4-4D45-AA59-026FB1F143B7}"
EndProject
Project("{FAE04EC0-301F-11D3-BF4B-00C04F79EFBC}") = "Drupal7Auth", "Drupal7Auth\Drupal7Auth\Drupal7Auth.csproj", "{320AB54F-9B28-45F3-921D-2CD6C94090AF}"
EndProject
Global
	GlobalSection(SolutionConfigurationPlatforms) = preSolution
		Ad-Hoc|Any CPU = Ad-Hoc|Any CPU
		Ad-Hoc|iPhone = Ad-Hoc|iPhone
		Ad-Hoc|iPhoneSimulator = Ad-Hoc|iPhoneSimulator
		AppStore|Any CPU = AppStore|Any CPU
		AppStore|iPhone = AppStore|iPhone
		AppStore|iPhoneSimulator = AppStore|iPhoneSimulator
		Debug|Any CPU = Debug|Any CPU
		Debug|iPhone = Debug|iPhone
		Debug|iPhoneSimulator = Debug|iPhoneSimulator
		Release|Any CPU = Release|Any CPU
		Release|iPhone = Release|iPhone
		Release|iPhoneSimulator = Release|iPhoneSimulator
	EndGlobalSection
	GlobalSection(ProjectConfigurationPlatforms) = postSolution
		{F1301163-F3EE-4BD3-AE6E-F5C48F42D0BC}.Ad-Hoc|Any CPU.ActiveCfg = Release|Any CPU
		{F1301163-F3EE-4BD3-AE6E-F5C48F42D0BC}.Ad-Hoc|Any CPU.Build.0 = Release|Any CPU
		{F1301163-F3EE-4BD3-AE6E-F5C48F42D0BC}.Ad-Hoc|Any CPU.Deploy.0 = Release|Any CPU
		{F1301163-F3EE-4BD3-AE6E-F5C48F42D0BC}.Ad-Hoc|iPhone.ActiveCfg = Release|Any CPU
		{F1301163-F3EE-4BD3-AE6E-F5C48F42D0BC}.Ad-Hoc|iPhone.Build.0 = Release|Any CPU
		{F1301163-F3EE-4BD3-AE6E-F5C48F42D0BC}.Ad-Hoc|iPhone.Deploy.0 = Release|Any CPU
		{F1301163-F3EE-4BD3-AE6E-F5C48F42D0BC}.Ad-Hoc|iPhoneSimulator.ActiveCfg = Release|Any CPU
		{F1301163-F3EE-4BD3-AE6E-F5C48F42D0BC}.Ad-Hoc|iPhoneSimulator.Build.0 = Release|Any CPU
		{F1301163-F3EE-4BD3-AE6E-F5C48F42D0BC}.Ad-Hoc|iPhoneSimulator.Deploy.0 = Release|Any CPU
		{F1301163-F3EE-4BD3-AE6E-F5C48F42D0BC}.AppStore|Any CPU.ActiveCfg = Release|Any CPU
		{F1301163-F3EE-4BD3-AE6E-F5C48F42D0BC}.AppStore|Any CPU.Build.0 = Release|Any CPU
		{F1301163-F3EE-4BD3-AE6E-F5C48F42D0BC}.AppStore|Any CPU.Deploy.0 = Release|Any CPU
		{F1301163-F3EE-4BD3-AE6E-F5C48F42D0BC}.AppStore|iPhone.ActiveCfg = Release|Any CPU
		{F1301163-F3EE-4BD3-AE6E-F5C48F42D0BC}.AppStore|iPhone.Build.0 = Release|Any CPU
		{F1301163-F3EE-4BD3-AE6E-F5C48F42D0BC}.AppStore|iPhone.Deploy.0 = Release|Any CPU
		{F1301163-F3EE-4BD3-AE6E-F5C48F42D0BC}.AppStore|iPhoneSimulator.ActiveCfg = Release|Any CPU
		{F1301163-F3EE-4BD3-AE6E-F5C48F42D0BC}.AppStore|iPhoneSimulator.Build.0 = Release|Any CPU
		{F1301163-F3EE-4BD3-AE6E-F5C48F42D0BC}.AppStore|iPhoneSimulator.Deploy.0 = Release|Any CPU
		{F1301163-F3EE-4BD3-AE6E-F5C48F42D0BC}.Debug|Any CPU.ActiveCfg = Debug|Any CPU
		{F1301163-F3EE-4BD3-AE6E-F5C48F42D0BC}.Debug|Any CPU.Build.0 = Debug|Any CPU
		{F1301163-F3EE-4BD3-AE6E-F5C48F42D0BC}.Debug|Any CPU.Deploy.0 = Debug|Any CPU
		{F1301163-F3EE-4BD3-AE6E-F5C48F42D0BC}.Debug|iPhone.ActiveCfg = Debug|Any CPU
		{F1301163-F3EE-4BD3-AE6E-F5C48F42D0BC}.Debug|iPhone.Build.0 = Debug|Any CPU
		{F1301163-F3EE-4BD3-AE6E-F5C48F42D0BC}.Debug|iPhone.Deploy.0 = Debug|Any CPU
		{F1301163-F3EE-4BD3-AE6E-F5C48F42D0BC}.Debug|iPhoneSimulator.ActiveCfg = Debug|Any CPU
		{F1301163-F3EE-4BD3-AE6E-F5C48F42D0BC}.Debug|iPhoneSimulator.Build.0 = Debug|Any CPU
		{F1301163-F3EE-4BD3-AE6E-F5C48F42D0BC}.Debug|iPhoneSimulator.Deploy.0 = Debug|Any CPU
		{F1301163-F3EE-4BD3-AE6E-F5C48F42D0BC}.Release|Any CPU.ActiveCfg = Release|Any CPU
		{F1301163-F3EE-4BD3-AE6E-F5C48F42D0BC}.Release|Any CPU.Build.0 = Release|Any CPU
		{F1301163-F3EE-4BD3-AE6E-F5C48F42D0BC}.Release|Any CPU.Deploy.0 = Release|Any CPU
		{F1301163-F3EE-4BD3-AE6E-F5C48F42D0BC}.Release|iPhone.ActiveCfg = Release|Any CPU
		{F1301163-F3EE-4BD3-AE6E-F5C48F42D0BC}.Release|iPhone.Build.0 = Release|Any CPU
		{F1301163-F3EE-4BD3-AE6E-F5C48F42D0BC}.Release|iPhone.Deploy.0 = Release|Any CPU
		{F1301163-F3EE-4BD3-AE6E-F5C48F42D0BC}.Release|iPhoneSimulator.ActiveCfg = Release|Any CPU
		{F1301163-F3EE-4BD3-AE6E-F5C48F42D0BC}.Release|iPhoneSimulator.Build.0 = Release|Any CPU
		{F1301163-F3EE-4BD3-AE6E-F5C48F42D0BC}.Release|iPhoneSimulator.Deploy.0 = Release|Any CPU
		{4D361459-D2F4-4D45-AA59-026FB1F143B7}.Ad-Hoc|Any CPU.ActiveCfg = Ad-Hoc|iPhone
		{4D361459-D2F4-4D45-AA59-026FB1F143B7}.Ad-Hoc|Any CPU.Build.0 = Ad-Hoc|iPhone
		{4D361459-D2F4-4D45-AA59-026FB1F143B7}.Ad-Hoc|Any CPU.Deploy.0 = Ad-Hoc|iPhone
		{4D361459-D2F4-4D45-AA59-026FB1F143B7}.Ad-Hoc|iPhone.ActiveCfg = Ad-Hoc|iPhone
		{4D361459-D2F4-4D45-AA59-026FB1F143B7}.Ad-Hoc|iPhone.Build.0 = Ad-Hoc|iPhone
		{4D361459-D2F4-4D45-AA59-026FB1F143B7}.Ad-Hoc|iPhone.Deploy.0 = Ad-Hoc|iPhone
		{4D361459-D2F4-4D45-AA59-026FB1F143B7}.Ad-Hoc|iPhoneSimulator.ActiveCfg = Ad-Hoc|iPhoneSimulator
		{4D361459-D2F4-4D45-AA59-026FB1F143B7}.Ad-Hoc|iPhoneSimulator.Build.0 = Ad-Hoc|iPhoneSimulator
		{4D361459-D2F4-4D45-AA59-026FB1F143B7}.Ad-Hoc|iPhoneSimulator.Deploy.0 = Ad-Hoc|iPhoneSimulator
		{4D361459-D2F4-4D45-AA59-026FB1F143B7}.AppStore|Any CPU.ActiveCfg = AppStore|iPhone
		{4D361459-D2F4-4D45-AA59-026FB1F143B7}.AppStore|Any CPU.Build.0 = AppStore|iPhone
		{4D361459-D2F4-4D45-AA59-026FB1F143B7}.AppStore|Any CPU.Deploy.0 = AppStore|iPhone
		{4D361459-D2F4-4D45-AA59-026FB1F143B7}.AppStore|iPhone.ActiveCfg = AppStore|iPhone
		{4D361459-D2F4-4D45-AA59-026FB1F143B7}.AppStore|iPhone.Build.0 = AppStore|iPhone
		{4D361459-D2F4-4D45-AA59-026FB1F143B7}.AppStore|iPhone.Deploy.0 = AppStore|iPhone
		{4D361459-D2F4-4D45-AA59-026FB1F143B7}.AppStore|iPhoneSimulator.ActiveCfg = AppStore|iPhoneSimulator
		{4D361459-D2F4-4D45-AA59-026FB1F143B7}.AppStore|iPhoneSimulator.Build.0 = AppStore|iPhoneSimulator
		{4D361459-D2F4-4D45-AA59-026FB1F143B7}.AppStore|iPhoneSimulator.Deploy.0 = AppStore|iPhoneSimulator
		{4D361459-D2F4-4D45-AA59-026FB1F143B7}.Debug|Any CPU.ActiveCfg = Debug|iPhoneSimulator
		{4D361459-D2F4-4D45-AA59-026FB1F143B7}.Debug|Any CPU.Build.0 = Debug|iPhoneSimulator
		{4D361459-D2F4-4D45-AA59-026FB1F143B7}.Debug|Any CPU.Deploy.0 = Debug|iPhoneSimulator
		{4D361459-D2F4-4D45-AA59-026FB1F143B7}.Debug|iPhone.ActiveCfg = Debug|iPhone
		{4D361459-D2F4-4D45-AA59-026FB1F143B7}.Debug|iPhone.Build.0 = Debug|iPhone
		{4D361459-D2F4-4D45-AA59-026FB1F143B7}.Debug|iPhone.Deploy.0 = Debug|iPhone
		{4D361459-D2F4-4D45-AA59-026FB1F143B7}.Debug|iPhoneSimulator.ActiveCfg = Debug|iPhoneSimulator
		{4D361459-D2F4-4D45-AA59-026FB1F143B7}.Debug|iPhoneSimulator.Build.0 = Debug|iPhoneSimulator
		{4D361459-D2F4-4D45-AA59-026FB1F143B7}.Debug|iPhoneSimulator.Deploy.0 = Debug|iPhoneSimulator
		{4D361459-D2F4-4D45-AA59-026FB1F143B7}.Release|Any CPU.ActiveCfg = Release|iPhone
		{4D361459-D2F4-4D45-AA59-026FB1F143B7}.Release|Any CPU.Build.0 = Release|iPhone
		{4D361459-D2F4-4D45-AA59-026FB1F143B7}.Release|Any CPU.Deploy.0 = Release|iPhone
		{4D361459-D2F4-4D45-AA59-026FB1F143B7}.Release|iPhone.ActiveCfg = Release|iPhone
		{4D361459-D2F4-4D45-AA59-026FB1F143B7}.Release|iPhone.Build.0 = Release|iPhone
		{4D361459-D2F4-4D45-AA59-026FB1F143B7}.Release|iPhone.Deploy.0 = Release|iPhone
		{4D361459-D2F4-4D45-AA59-026FB1F143B7}.Release|iPhoneSimulator.ActiveCfg = Release|iPhoneSimulator
		{4D361459-D2F4-4D45-AA59-026FB1F143B7}.Release|iPhoneSimulator.Build.0 = Release|iPhoneSimulator
		{4D361459-D2F4-4D45-AA59-026FB1F143B7}.Release|iPhoneSimulator.Deploy.0 = Release|iPhoneSimulator
		{320AB54F-9B28-45F3-921D-2CD6C94090AF}.Ad-Hoc|Any CPU.ActiveCfg = Debug|Any CPU
		{320AB54F-9B28-45F3-921D-2CD6C94090AF}.Ad-Hoc|Any CPU.Build.0 = Debug|Any CPU
		{320AB54F-9B28-45F3-921D-2CD6C94090AF}.Ad-Hoc|Any CPU.Deploy.0 = Debug|Any CPU
		{320AB54F-9B28-45F3-921D-2CD6C94090AF}.Ad-Hoc|iPhone.ActiveCfg = Debug|Any CPU
		{320AB54F-9B28-45F3-921D-2CD6C94090AF}.Ad-Hoc|iPhone.Build.0 = Debug|Any CPU
		{320AB54F-9B28-45F3-921D-2CD6C94090AF}.Ad-Hoc|iPhone.Deploy.0 = Debug|Any CPU
		{320AB54F-9B28-45F3-921D-2CD6C94090AF}.Ad-Hoc|iPhoneSimulator.ActiveCfg = Debug|Any CPU
		{320AB54F-9B28-45F3-921D-2CD6C94090AF}.Ad-Hoc|iPhoneSimulator.Build.0 = Debug|Any CPU
		{320AB54F-9B28-45F3-921D-2CD6C94090AF}.Ad-Hoc|iPhoneSimulator.Deploy.0 = Debug|Any CPU
		{320AB54F-9B28-45F3-921D-2CD6C94090AF}.AppStore|Any CPU.ActiveCfg = Debug|Any CPU
		{320AB54F-9B28-45F3-921D-2CD6C94090AF}.AppStore|Any CPU.Build.0 = Debug|Any CPU
		{320AB54F-9B28-45F3-921D-2CD6C94090AF}.AppStore|Any CPU.Deploy.0 = Debug|Any CPU
		{320AB54F-9B28-45F3-921D-2CD6C94090AF}.AppStore|iPhone.ActiveCfg = Debug|Any CPU
		{320AB54F-9B28-45F3-921D-2CD6C94090AF}.AppStore|iPhone.Build.0 = Debug|Any CPU
		{320AB54F-9B28-45F3-921D-2CD6C94090AF}.AppStore|iPhone.Deploy.0 = Debug|Any CPU
		{320AB54F-9B28-45F3-921D-2CD6C94090AF}.AppStore|iPhoneSimulator.ActiveCfg = Debug|Any CPU
		{320AB54F-9B28-45F3-921D-2CD6C94090AF}.AppStore|iPhoneSimulator.Build.0 = Debug|Any CPU
		{320AB54F-9B28-45F3-921D-2CD6C94090AF}.AppStore|iPhoneSimulator.Deploy.0 = Debug|Any CPU
		{320AB54F-9B28-45F3-921D-2CD6C94090AF}.Debug|Any CPU.ActiveCfg = Debug|Any CPU
		{320AB54F-9B28-45F3-921D-2CD6C94090AF}.Debug|Any CPU.Build.0 = Debug|Any CPU
		{320AB54F-9B28-45F3-921D-2CD6C94090AF}.Debug|Any CPU.Deploy.0 = Debug|Any CPU
		{320AB54F-9B28-45F3-921D-2CD6C94090AF}.Debug|iPhone.ActiveCfg = Debug|Any CPU
		{320AB54F-9B28-45F3-921D-2CD6C94090AF}.Debug|iPhone.Build.0 = Debug|Any CPU
		{320AB54F-9B28-45F3-921D-2CD6C94090AF}.Debug|iPhone.Deploy.0 = Debug|Any CPU
		{320AB54F-9B28-45F3-921D-2CD6C94090AF}.Debug|iPhoneSimulator.ActiveCfg = Debug|Any CPU
		{320AB54F-9B28-45F3-921D-2CD6C94090AF}.Debug|iPhoneSimulator.Build.0 = Debug|Any CPU
		{320AB54F-9B28-45F3-921D-2CD6C94090AF}.Debug|iPhoneSimulator.Deploy.0 = Debug|Any CPU
		{320AB54F-9B28-45F3-921D-2CD6C94090AF}.Release|Any CPU.ActiveCfg = Release|Any CPU
		{320AB54F-9B28-45F3-921D-2CD6C94090AF}.Release|Any CPU.Build.0 = Release|Any CPU
		{320AB54F-9B28-45F3-921D-2CD6C94090AF}.Release|Any CPU.Deploy.0 = Release|Any CPU
		{320AB54F-9B28-45F3-921D-2CD6C94090AF}.Release|iPhone.ActiveCfg = Release|Any CPU
		{320AB54F-9B28-45F3-921D-2CD6C94090AF}.Release|iPhone.Build.0 = Release|Any CPU
		{320AB54F-9B28-45F3-921D-2CD6C94090AF}.Release|iPhone.Deploy.0 = Release|Any CPU
		{320AB54F-9B28-45F3-921D-2CD6C94090AF}.Release|iPhoneSimulator.ActiveCfg = Release|Any CPU
		{320AB54F-9B28-45F3-921D-2CD6C94090AF}.Release|iPhoneSimulator.Build.0 = Release|Any CPU
		{320AB54F-9B28-45F3-921D-2CD6C94090AF}.Release|iPhoneSimulator.Deploy.0 = Release|Any CPU
	EndGlobalSection
	GlobalSection(SolutionProperties) = preSolution
		HideSolutionNode = FALSE
	EndGlobalSection
	GlobalSection(ExtensibilityGlobals) = postSolution
		SolutionGuid = {95A64A90-DD2D-4419-AA5D-E3513FFDD040}
	EndGlobalSection
EndGlobal
